
Microsoft Visual Studio Solution File, Format Version 12.00
# Visual Studio Version 16
VisualStudioVersion = 16.0.30717.126
MinimumVisualStudioVersion = 10.0.40219.1
Project("{FAE04EC0-301F-11D3-BF4B-00C04F79EFBC}") = "Bonus13", "Bonus13\Bonus13.csproj", "{FA0C9C9C-3977-4927-B424-64998587FE90}"
EndProject
Global
	GlobalSection(SolutionConfigurationPlatforms) = preSolution
		Debug|Any CPU = Debug|Any CPU
		Release|Any CPU = Release|Any CPU
	EndGlobalSection
	GlobalSection(ProjectConfigurationPlatforms) = postSolution
		{FA0C9C9C-3977-4927-B424-64998587FE90}.Debug|Any CPU.ActiveCfg = Debug|Any CPU
		{FA0C9C9C-3977-4927-B424-64998587FE90}.Debug|Any CPU.Build.0 = Debug|Any CPU
		{FA0C9C9C-3977-4927-B424-64998587FE90}.Release|Any CPU.ActiveCfg = Release|Any CPU
		{FA0C9C9C-3977-4927-B424-64998587FE90}.Release|Any CPU.Build.0 = Release|Any CPU
	EndGlobalSection
	GlobalSection(SolutionProperties) = preSolution
		HideSolutionNode = FALSE
	EndGlobalSection
	GlobalSection(ExtensibilityGlobals) = postSolution
		SolutionGuid = {A7DF0155-24F4-41BC-927C-059E9A006B6F}
	EndGlobalSection
EndGlobal
